
Microsoft Visual Studio Solution File, Format Version 12.00
# Visual Studio Version 16
VisualStudioVersion = 16.0.29001.49
MinimumVisualStudioVersion = 10.0.40219.1
Project("{9A19103F-16F7-4668-BE54-9A1E7A4F7556}") = "FS.Identity.Domain.Shared", "src\FS.Identity.Domain.Shared\FS.Identity.Domain.Shared.csproj", "{D64C1577-4929-4B60-939E-96DE1534891A}"
EndProject
Project("{9A19103F-16F7-4668-BE54-9A1E7A4F7556}") = "FS.Identity.Domain", "src\FS.Identity.Domain\FS.Identity.Domain.csproj", "{F2840BC7-0188-4606-9126-DADD0F5ABF7A}"
EndProject
Project("{9A19103F-16F7-4668-BE54-9A1E7A4F7556}") = "FS.Identity.Application.Contracts", "src\FS.Identity.Application.Contracts\FS.Identity.Application.Contracts.csproj", "{BD65D04F-08D5-40C1-8C24-77CA0BACB877}"
EndProject
Project("{9A19103F-16F7-4668-BE54-9A1E7A4F7556}") = "FS.Identity.Application", "src\FS.Identity.Application\FS.Identity.Application.csproj", "{78040F9E-3501-4A40-82DF-00A597710F35}"
EndProject
Project("{2150E333-8FDC-42A3-9474-1A3956D46DE8}") = "src", "src", "{649A3FFA-182F-4E56-9717-E6A9A2BEC545}"
EndProject
Project("{2150E333-8FDC-42A3-9474-1A3956D46DE8}") = "test", "test", "{CCD2960C-23CC-4AB4-B84D-60C7AAA52F4D}"
EndProject
Project("{2150E333-8FDC-42A3-9474-1A3956D46DE8}") = "host", "host", "{E400416D-2895-4512-9D17-90681EEC7E0A}"
EndProject
Project("{9A19103F-16F7-4668-BE54-9A1E7A4F7556}") = "FS.Identity.EntityFrameworkCore", "src\FS.Identity.EntityFrameworkCore\FS.Identity.EntityFrameworkCore.csproj", "{0CE86223-D31D-4315-A1F5-87BA3EE1B844}"
EndProject
Project("{9A19103F-16F7-4668-BE54-9A1E7A4F7556}") = "FS.Identity.MongoDB", "src\FS.Identity.MongoDB\FS.Identity.MongoDB.csproj", "{F1C58097-4C08-4D88-8976-6B3389391481}"
EndProject
Project("{9A19103F-16F7-4668-BE54-9A1E7A4F7556}") = "FS.Identity.HttpApi", "src\FS.Identity.HttpApi\FS.Identity.HttpApi.csproj", "{077AA5F8-8B61-420C-A6B5-0150A66FDB34}"
EndProject
Project("{9A19103F-16F7-4668-BE54-9A1E7A4F7556}") = "FS.Identity.HttpApi.Client", "src\FS.Identity.HttpApi.Client\FS.Identity.HttpApi.Client.csproj", "{36E2735F-CEAB-44C8-A6D1-2CDAFF399751}"
EndProject
Project("{9A19103F-16F7-4668-BE54-9A1E7A4F7556}") = "FS.Identity.TestBase", "test\FS.Identity.TestBase\FS.Identity.TestBase.csproj", "{C5BB573D-3030-4BCB-88B7-F6A85C32766C}"
EndProject
Project("{9A19103F-16F7-4668-BE54-9A1E7A4F7556}") = "FS.Identity.EntityFrameworkCore.Tests", "test\FS.Identity.EntityFrameworkCore.Tests\FS.Identity.EntityFrameworkCore.Tests.csproj", "{527F645C-C1FC-406E-8479-81386C8ECF13}"
EndProject
Project("{9A19103F-16F7-4668-BE54-9A1E7A4F7556}") = "FS.Identity.Domain.Tests", "test\FS.Identity.Domain.Tests\FS.Identity.Domain.Tests.csproj", "{E60895E5-79C4-447D-88B7-85CB5BA336A4}"
EndProject
Project("{9A19103F-16F7-4668-BE54-9A1E7A4F7556}") = "FS.Identity.Application.Tests", "test\FS.Identity.Application.Tests\FS.Identity.Application.Tests.csproj", "{90CB5DC4-C040-45C7-8900-9688B26405BC}"
EndProject
Project("{9A19103F-16F7-4668-BE54-9A1E7A4F7556}") = "FS.Identity.HttpApi.Host", "host\FS.Identity.HttpApi.Host\FS.Identity.HttpApi.Host.csproj", "{37B135B0-DAFE-4616-B25C-1BDF32FC44A2}"
EndProject
Project("{9A19103F-16F7-4668-BE54-9A1E7A4F7556}") = "FS.Identity.Web", "src\FS.Identity.Web\FS.Identity.Web.csproj", "{3B7B6317-1B85-4164-8E11-75574F80AE17}"
EndProject
Project("{9A19103F-16F7-4668-BE54-9A1E7A4F7556}") = "FS.Identity.Web.Host", "host\FS.Identity.Web.Host\FS.Identity.Web.Host.csproj", "{73513786-B6C6-4A21-89C5-0FBDD0A46107}"
EndProject
Project("{9A19103F-16F7-4668-BE54-9A1E7A4F7556}") = "FS.Identity.IdentityServer", "host\FS.Identity.IdentityServer\FS.Identity.IdentityServer.csproj", "{690203F4-3CD5-4569-88D9-EE831EEA5F5F}"
EndProject
Project("{9A19103F-16F7-4668-BE54-9A1E7A4F7556}") = "FS.Identity.Host.Shared", "host\FS.Identity.Host.Shared\FS.Identity.Host.Shared.csproj", "{F6AC8D4A-EDD7-4514-8E8A-5BCB019864DB}"
EndProject
Project("{9A19103F-16F7-4668-BE54-9A1E7A4F7556}") = "FS.Identity.Web.Unified", "host\FS.Identity.Web.Unified\FS.Identity.Web.Unified.csproj", "{3D872C41-E226-45C8-89C1-9D3DBD7C73F2}"
EndProject
Project("{2150E333-8FDC-42A3-9474-1A3956D46DE8}") = "framework", "framework", "{2EC988E9-2C38-428D-AF40-3BF6BF78B80C}"
EndProject
Project("{2150E333-8FDC-42A3-9474-1A3956D46DE8}") = "FS.Abp", "FS.Abp", "{BA7DFDE8-4840-44A8-B185-769E10F0D324}"
EndProject
Project("{9A19103F-16F7-4668-BE54-9A1E7A4F7556}") = "FS.Abp.Cli", "..\..\framework\FS.Abp\src\FS.Abp.Cli\FS.Abp.Cli.csproj", "{514C6DC2-5257-4942-BD1E-D5DD2CB813E1}"
EndProject
Project("{9A19103F-16F7-4668-BE54-9A1E7A4F7556}") = "FS.Abp.Domain", "..\..\framework\FS.Abp\src\FS.Abp.Domain\FS.Abp.Domain.csproj", "{B9FF3774-4843-4577-9EEB-389B1DB556A0}"
EndProject
Project("{9A19103F-16F7-4668-BE54-9A1E7A4F7556}") = "FS.Abp.Application.Contracts", "..\..\framework\FS.Abp\src\FS.Abp.Application.Contracts\FS.Abp.Application.Contracts.csproj", "{CA640BEC-BE5F-4090-93AA-796A87BA7506}"
EndProject
Project("{9A19103F-16F7-4668-BE54-9A1E7A4F7556}") = "FS.Abp.Application", "..\..\framework\FS.Abp\src\FS.Abp.Application\FS.Abp.Application.csproj", "{CF3FC5D9-A320-4AA5-84D4-9BB1046D40F5}"
EndProject
Project("{9A19103F-16F7-4668-BE54-9A1E7A4F7556}") = "FS.Abp.AspNetCore.Mvc.JsonSubTypes", "..\..\framework\FS.Abp\src\FS.Abp.AspNetCore.Mvc.JsonSubTypes\FS.Abp.AspNetCore.Mvc.JsonSubTypes.csproj", "{F1054D52-5663-4A90-8934-DAF4594DCB99}"
EndProject
Project("{9A19103F-16F7-4668-BE54-9A1E7A4F7556}") = "FS.Abp.AspNetCore.Mvc.JsonSubTypes.Contracts", "..\..\framework\FS.Abp\src\FS.Abp.AspNetCore.Mvc.JsonSubTypes.Contracts\FS.Abp.AspNetCore.Mvc.JsonSubTypes.Contracts.csproj", "{7BEEB3E8-7379-40C5-BF41-56F94265FDF8}"
EndProject
Project("{9A19103F-16F7-4668-BE54-9A1E7A4F7556}") = "FS.Abp.Npoi.Mapper", "..\..\framework\FS.Abp\src\FS.Abp.Npoi.Mapper\FS.Abp.Npoi.Mapper.csproj", "{26505F9F-7EB6-44CB-A821-95AC7D1C5CF2}"
EndProject
Project("{9A19103F-16F7-4668-BE54-9A1E7A4F7556}") = "FS.Identity.HttpApi.Client.ConsoleTestApp", "test\FS.Identity.HttpApi.Client.ConsoleTestApp\FS.Identity.HttpApi.Client.ConsoleTestApp.csproj", "{F21285DF-5675-42AC-BD95-74389D40D972}"
EndProject
Project("{9A19103F-16F7-4668-BE54-9A1E7A4F7556}") = "FS.Abp.Host.Shared", "..\..\framework\FS.Abp\src\FS.Abp.Host.Shared\FS.Abp.Host.Shared.csproj", "{2275AA3B-ED0E-4229-97C9-352D2C73F4E9}"
EndProject
Project("{2150E333-8FDC-42A3-9474-1A3956D46DE8}") = "modules", "modules", "{4C64A199-E423-4EF6-BF4F-084E551310A7}"
EndProject
Project("{2150E333-8FDC-42A3-9474-1A3956D46DE8}") = "FS.Abp.CodingManagement", "FS.Abp.CodingManagement", "{0926C05D-A2B8-4FF9-820B-0668769092E5}"
EndProject
Project("{2150E333-8FDC-42A3-9474-1A3956D46DE8}") = "FS.Abp.SettingManagement", "FS.Abp.SettingManagement", "{C709F5FA-43E9-4B99-BE2A-53B6A686263E}"
EndProject
Project("{2150E333-8FDC-42A3-9474-1A3956D46DE8}") = "FS.Abp.Themes", "FS.Abp.Themes", "{7DCDC3BE-B86A-4BD4-B74E-C0424FF3ADC6}"
EndProject
Project("{9A19103F-16F7-4668-BE54-9A1E7A4F7556}") = "FS.Abp.CodingManagement.Domain.Shared", "..\..\modules\FS.Abp.CodingManagement\src\FS.Abp.CodingManagement.Domain.Shared\FS.Abp.CodingManagement.Domain.Shared.csproj", "{B8B694C9-29CA-4F22-ADE0-C576AF5517FA}"
EndProject
Project("{9A19103F-16F7-4668-BE54-9A1E7A4F7556}") = "FS.Abp.CodingManagement.Domain", "..\..\modules\FS.Abp.CodingManagement\src\FS.Abp.CodingManagement.Domain\FS.Abp.CodingManagement.Domain.csproj", "{9EA4D0A8-51FC-4106-98AF-A2AE84D88520}"
EndProject
Project("{9A19103F-16F7-4668-BE54-9A1E7A4F7556}") = "FS.Abp.CodingManagement.Application.Contracts", "..\..\modules\FS.Abp.CodingManagement\src\FS.Abp.CodingManagement.Application.Contracts\FS.Abp.CodingManagement.Application.Contracts.csproj", "{8B32E3E2-16DB-4EE3-B010-C1EF8EE069BA}"
EndProject
Project("{9A19103F-16F7-4668-BE54-9A1E7A4F7556}") = "FS.Abp.CodingManagement.Application", "..\..\modules\FS.Abp.CodingManagement\src\FS.Abp.CodingManagement.Application\FS.Abp.CodingManagement.Application.csproj", "{0DE35190-7A13-4D12-A15D-D781803E6BF0}"
EndProject
Project("{9A19103F-16F7-4668-BE54-9A1E7A4F7556}") = "FS.Abp.CodingManagement.EntityFrameworkCore", "..\..\modules\FS.Abp.CodingManagement\src\FS.Abp.CodingManagement.EntityFrameworkCore\FS.Abp.CodingManagement.EntityFrameworkCore.csproj", "{2537AB0A-7EB7-47A7-9A9B-3A24D6015E7A}"
EndProject
Project("{9A19103F-16F7-4668-BE54-9A1E7A4F7556}") = "FS.Abp.CodingManagement.HttpApi", "..\..\modules\FS.Abp.CodingManagement\src\FS.Abp.CodingManagement.HttpApi\FS.Abp.CodingManagement.HttpApi.csproj", "{1044D791-D5BC-4D75-BC50-0102DB877A4D}"
EndProject
Project("{9A19103F-16F7-4668-BE54-9A1E7A4F7556}") = "FS.Abp.CodingManagement.HttpApi.Client", "..\..\modules\FS.Abp.CodingManagement\src\FS.Abp.CodingManagement.HttpApi.Client\FS.Abp.CodingManagement.HttpApi.Client.csproj", "{A6DCE454-35AD-4FD5-85B8-B2262FFC2B57}"
EndProject
Project("{9A19103F-16F7-4668-BE54-9A1E7A4F7556}") = "FS.Abp.CodingManagement.Host.Shared", "..\..\modules\FS.Abp.CodingManagement\host\FS.Abp.CodingManagement.Host.Shared\FS.Abp.CodingManagement.Host.Shared.csproj", "{BB6DE4B6-6936-4B16-956E-96D1AEBC433D}"
EndProject
Project("{9A19103F-16F7-4668-BE54-9A1E7A4F7556}") = "FS.Abp.Trees.Domain.Shared", "..\..\modules\FS.Abp.Trees\src\FS.Abp.Trees.Domain.Shared\FS.Abp.Trees.Domain.Shared.csproj", "{79FB4974-73E1-4CBF-94C8-EE630147EB44}"
EndProject
Project("{9A19103F-16F7-4668-BE54-9A1E7A4F7556}") = "FS.Abp.Trees.Domain", "..\..\modules\FS.Abp.Trees\src\FS.Abp.Trees.Domain\FS.Abp.Trees.Domain.csproj", "{09DB21D8-CBBB-4D65-91F9-20F7C3D6032E}"
EndProject
Project("{9A19103F-16F7-4668-BE54-9A1E7A4F7556}") = "FS.Abp.Trees.Application.Contracts", "..\..\modules\FS.Abp.Trees\src\FS.Abp.Trees.Application.Contracts\FS.Abp.Trees.Application.Contracts.csproj", "{55E6BEB2-97B5-4D6E-87A9-8349896CFA73}"
EndProject
Project("{9A19103F-16F7-4668-BE54-9A1E7A4F7556}") = "FS.Abp.Trees.Application", "..\..\modules\FS.Abp.Trees\src\FS.Abp.Trees.Application\FS.Abp.Trees.Application.csproj", "{E5B4BC87-E9C8-483A-B0E8-95C52BDB7636}"
EndProject
Project("{9A19103F-16F7-4668-BE54-9A1E7A4F7556}") = "FS.Abp.Trees.EntityFrameworkCore", "..\..\modules\FS.Abp.Trees\src\FS.Abp.Trees.EntityFrameworkCore\FS.Abp.Trees.EntityFrameworkCore.csproj", "{3F9DDFC7-167F-4806-965E-EC549E709A3B}"
EndProject
Project("{9A19103F-16F7-4668-BE54-9A1E7A4F7556}") = "FS.Abp.Trees.HttpApi", "..\..\modules\FS.Abp.Trees\src\FS.Abp.Trees.HttpApi\FS.Abp.Trees.HttpApi.csproj", "{A1C5EA7B-4712-4697-90A2-362DB75F5CC5}"
EndProject
Project("{2150E333-8FDC-42A3-9474-1A3956D46DE8}") = "FS.Abp.Trees", "FS.Abp.Trees", "{4C902ED5-1894-4635-8478-59C5E12E21C9}"
EndProject
Project("{9A19103F-16F7-4668-BE54-9A1E7A4F7556}") = "FS.Abp.SettingManagement.Domain.Shared", "..\..\modules\FS.Abp.SettingManagement\src\FS.Abp.SettingManagement.Domain.Shared\FS.Abp.SettingManagement.Domain.Shared.csproj", "{774910DC-DCC2-48D4-96E0-FADE4401DB76}"
EndProject
Project("{9A19103F-16F7-4668-BE54-9A1E7A4F7556}") = "FS.Abp.SettingManagement.Domain", "..\..\modules\FS.Abp.SettingManagement\src\FS.Abp.SettingManagement.Domain\FS.Abp.SettingManagement.Domain.csproj", "{7174114B-6236-4106-9950-4937F833D3C9}"
EndProject
Project("{9A19103F-16F7-4668-BE54-9A1E7A4F7556}") = "FS.Abp.SettingManagement.Application.Contracts", "..\..\modules\FS.Abp.SettingManagement\src\FS.Abp.SettingManagement.Application.Contracts\FS.Abp.SettingManagement.Application.Contracts.csproj", "{0E7319F5-EAC8-42DD-81F0-48749984FCE5}"
EndProject
Project("{9A19103F-16F7-4668-BE54-9A1E7A4F7556}") = "FS.Abp.SettingManagement.Application", "..\..\modules\FS.Abp.SettingManagement\src\FS.Abp.SettingManagement.Application\FS.Abp.SettingManagement.Application.csproj", "{0D9117B9-4E20-4275-8C47-07D5587EBC9F}"
EndProject
Project("{9A19103F-16F7-4668-BE54-9A1E7A4F7556}") = "FS.Abp.SettingManagement.EntityFrameworkCore", "..\..\modules\FS.Abp.SettingManagement\src\FS.Abp.SettingManagement.EntityFrameworkCore\FS.Abp.SettingManagement.EntityFrameworkCore.csproj", "{E6526E3E-55DA-4FA4-9DB4-B5F3D8B83EA2}"
EndProject
Project("{9A19103F-16F7-4668-BE54-9A1E7A4F7556}") = "FS.Abp.SettingManagement.HttpApi", "..\..\modules\FS.Abp.SettingManagement\src\FS.Abp.SettingManagement.HttpApi\FS.Abp.SettingManagement.HttpApi.csproj", "{B2FC4C92-D84C-4147-BFB8-98D853640701}"
EndProject
Project("{9A19103F-16F7-4668-BE54-9A1E7A4F7556}") = "FS.Abp.SettingManagement.HttpApi.Client", "..\..\modules\FS.Abp.SettingManagement\src\FS.Abp.SettingManagement.HttpApi.Client\FS.Abp.SettingManagement.HttpApi.Client.csproj", "{02ADA5A3-F8FE-44A5-9092-AEAFE0A779DF}"
EndProject
Project("{9A19103F-16F7-4668-BE54-9A1E7A4F7556}") = "FS.Abp.SettingManagement.Host.Shared", "..\..\modules\FS.Abp.SettingManagement\host\FS.Abp.SettingManagement.Host.Shared\FS.Abp.SettingManagement.Host.Shared.csproj", "{500D9B18-5A0F-4062-817B-753832537018}"
EndProject
Project("{9A19103F-16F7-4668-BE54-9A1E7A4F7556}") = "FS.Abp.Themes.Domain.Shared", "..\..\modules\FS.Abp.Themes\src\FS.Abp.Themes.Domain.Shared\FS.Abp.Themes.Domain.Shared.csproj", "{79C1B2C2-2B3E-47EB-AEEE-790592BA7236}"
EndProject
Project("{9A19103F-16F7-4668-BE54-9A1E7A4F7556}") = "FS.Abp.Themes.Domain", "..\..\modules\FS.Abp.Themes\src\FS.Abp.Themes.Domain\FS.Abp.Themes.Domain.csproj", "{1BCF0B74-1F49-487B-86C1-DEB2875B5419}"
EndProject
Project("{9A19103F-16F7-4668-BE54-9A1E7A4F7556}") = "FS.Abp.Themes.Application.Contracts", "..\..\modules\FS.Abp.Themes\src\FS.Abp.Themes.Application.Contracts\FS.Abp.Themes.Application.Contracts.csproj", "{7D01B3E5-99CA-451C-9D8E-9C5E4BF69846}"
EndProject
Project("{9A19103F-16F7-4668-BE54-9A1E7A4F7556}") = "FS.Abp.Themes.Application", "..\..\modules\FS.Abp.Themes\src\FS.Abp.Themes.Application\FS.Abp.Themes.Application.csproj", "{9AC5C3B0-5C05-4402-BCD3-6B67960DF141}"
EndProject
Project("{9A19103F-16F7-4668-BE54-9A1E7A4F7556}") = "FS.Abp.Themes.EntityFrameworkCore", "..\..\modules\FS.Abp.Themes\src\FS.Abp.Themes.EntityFrameworkCore\FS.Abp.Themes.EntityFrameworkCore.csproj", "{1924DAE3-1422-4C15-8738-1F1786773F76}"
EndProject
Project("{9A19103F-16F7-4668-BE54-9A1E7A4F7556}") = "FS.Abp.Themes.HttpApi", "..\..\modules\FS.Abp.Themes\src\FS.Abp.Themes.HttpApi\FS.Abp.Themes.HttpApi.csproj", "{5E34DF4C-6178-48DA-8EA8-B238612653C6}"
EndProject
Project("{9A19103F-16F7-4668-BE54-9A1E7A4F7556}") = "FS.Abp.Themes.Host.Shared", "..\..\modules\FS.Abp.Themes\host\FS.Abp.Themes.Host.Shared\FS.Abp.Themes.Host.Shared.csproj", "{48D134EC-E962-4A6A-A785-9DB2D59753E5}"
EndProject
Global
	GlobalSection(SolutionConfigurationPlatforms) = preSolution
		Debug|Any CPU = Debug|Any CPU
		Release|Any CPU = Release|Any CPU
	EndGlobalSection
	GlobalSection(ProjectConfigurationPlatforms) = postSolution
		{D64C1577-4929-4B60-939E-96DE1534891A}.Debug|Any CPU.ActiveCfg = Debug|Any CPU
		{D64C1577-4929-4B60-939E-96DE1534891A}.Debug|Any CPU.Build.0 = Debug|Any CPU
		{D64C1577-4929-4B60-939E-96DE1534891A}.Release|Any CPU.ActiveCfg = Release|Any CPU
		{D64C1577-4929-4B60-939E-96DE1534891A}.Release|Any CPU.Build.0 = Release|Any CPU
		{F2840BC7-0188-4606-9126-DADD0F5ABF7A}.Debug|Any CPU.ActiveCfg = Debug|Any CPU
		{F2840BC7-0188-4606-9126-DADD0F5ABF7A}.Debug|Any CPU.Build.0 = Debug|Any CPU
		{F2840BC7-0188-4606-9126-DADD0F5ABF7A}.Release|Any CPU.ActiveCfg = Release|Any CPU
		{F2840BC7-0188-4606-9126-DADD0F5ABF7A}.Release|Any CPU.Build.0 = Release|Any CPU
		{BD65D04F-08D5-40C1-8C24-77CA0BACB877}.Debug|Any CPU.ActiveCfg = Debug|Any CPU
		{BD65D04F-08D5-40C1-8C24-77CA0BACB877}.Debug|Any CPU.Build.0 = Debug|Any CPU
		{BD65D04F-08D5-40C1-8C24-77CA0BACB877}.Release|Any CPU.ActiveCfg = Release|Any CPU
		{BD65D04F-08D5-40C1-8C24-77CA0BACB877}.Release|Any CPU.Build.0 = Release|Any CPU
		{78040F9E-3501-4A40-82DF-00A597710F35}.Debug|Any CPU.ActiveCfg = Debug|Any CPU
		{78040F9E-3501-4A40-82DF-00A597710F35}.Debug|Any CPU.Build.0 = Debug|Any CPU
		{78040F9E-3501-4A40-82DF-00A597710F35}.Release|Any CPU.ActiveCfg = Release|Any CPU
		{78040F9E-3501-4A40-82DF-00A597710F35}.Release|Any CPU.Build.0 = Release|Any CPU
		{0CE86223-D31D-4315-A1F5-87BA3EE1B844}.Debug|Any CPU.ActiveCfg = Debug|Any CPU
		{0CE86223-D31D-4315-A1F5-87BA3EE1B844}.Debug|Any CPU.Build.0 = Debug|Any CPU
		{0CE86223-D31D-4315-A1F5-87BA3EE1B844}.Release|Any CPU.ActiveCfg = Release|Any CPU
		{0CE86223-D31D-4315-A1F5-87BA3EE1B844}.Release|Any CPU.Build.0 = Release|Any CPU
		{F1C58097-4C08-4D88-8976-6B3389391481}.Debug|Any CPU.ActiveCfg = Debug|Any CPU
		{F1C58097-4C08-4D88-8976-6B3389391481}.Debug|Any CPU.Build.0 = Debug|Any CPU
		{F1C58097-4C08-4D88-8976-6B3389391481}.Release|Any CPU.ActiveCfg = Release|Any CPU
		{F1C58097-4C08-4D88-8976-6B3389391481}.Release|Any CPU.Build.0 = Release|Any CPU
		{077AA5F8-8B61-420C-A6B5-0150A66FDB34}.Debug|Any CPU.ActiveCfg = Debug|Any CPU
		{077AA5F8-8B61-420C-A6B5-0150A66FDB34}.Debug|Any CPU.Build.0 = Debug|Any CPU
		{077AA5F8-8B61-420C-A6B5-0150A66FDB34}.Release|Any CPU.ActiveCfg = Release|Any CPU
		{077AA5F8-8B61-420C-A6B5-0150A66FDB34}.Release|Any CPU.Build.0 = Release|Any CPU
		{36E2735F-CEAB-44C8-A6D1-2CDAFF399751}.Debug|Any CPU.ActiveCfg = Debug|Any CPU
		{36E2735F-CEAB-44C8-A6D1-2CDAFF399751}.Debug|Any CPU.Build.0 = Debug|Any CPU
		{36E2735F-CEAB-44C8-A6D1-2CDAFF399751}.Release|Any CPU.ActiveCfg = Release|Any CPU
		{36E2735F-CEAB-44C8-A6D1-2CDAFF399751}.Release|Any CPU.Build.0 = Release|Any CPU
		{C5BB573D-3030-4BCB-88B7-F6A85C32766C}.Debug|Any CPU.ActiveCfg = Debug|Any CPU
		{C5BB573D-3030-4BCB-88B7-F6A85C32766C}.Debug|Any CPU.Build.0 = Debug|Any CPU
		{C5BB573D-3030-4BCB-88B7-F6A85C32766C}.Release|Any CPU.ActiveCfg = Release|Any CPU
		{C5BB573D-3030-4BCB-88B7-F6A85C32766C}.Release|Any CPU.Build.0 = Release|Any CPU
		{527F645C-C1FC-406E-8479-81386C8ECF13}.Debug|Any CPU.ActiveCfg = Debug|Any CPU
		{527F645C-C1FC-406E-8479-81386C8ECF13}.Debug|Any CPU.Build.0 = Debug|Any CPU
		{527F645C-C1FC-406E-8479-81386C8ECF13}.Release|Any CPU.ActiveCfg = Release|Any CPU
		{527F645C-C1FC-406E-8479-81386C8ECF13}.Release|Any CPU.Build.0 = Release|Any CPU
		{E60895E5-79C4-447D-88B7-85CB5BA336A4}.Debug|Any CPU.ActiveCfg = Debug|Any CPU
		{E60895E5-79C4-447D-88B7-85CB5BA336A4}.Debug|Any CPU.Build.0 = Debug|Any CPU
		{E60895E5-79C4-447D-88B7-85CB5BA336A4}.Release|Any CPU.ActiveCfg = Release|Any CPU
		{E60895E5-79C4-447D-88B7-85CB5BA336A4}.Release|Any CPU.Build.0 = Release|Any CPU
		{90CB5DC4-C040-45C7-8900-9688B26405BC}.Debug|Any CPU.ActiveCfg = Debug|Any CPU
		{90CB5DC4-C040-45C7-8900-9688B26405BC}.Debug|Any CPU.Build.0 = Debug|Any CPU
		{90CB5DC4-C040-45C7-8900-9688B26405BC}.Release|Any CPU.ActiveCfg = Release|Any CPU
		{90CB5DC4-C040-45C7-8900-9688B26405BC}.Release|Any CPU.Build.0 = Release|Any CPU
		{37B135B0-DAFE-4616-B25C-1BDF32FC44A2}.Debug|Any CPU.ActiveCfg = Debug|Any CPU
		{37B135B0-DAFE-4616-B25C-1BDF32FC44A2}.Debug|Any CPU.Build.0 = Debug|Any CPU
		{37B135B0-DAFE-4616-B25C-1BDF32FC44A2}.Release|Any CPU.ActiveCfg = Release|Any CPU
		{37B135B0-DAFE-4616-B25C-1BDF32FC44A2}.Release|Any CPU.Build.0 = Release|Any CPU
		{3B7B6317-1B85-4164-8E11-75574F80AE17}.Debug|Any CPU.ActiveCfg = Debug|Any CPU
		{3B7B6317-1B85-4164-8E11-75574F80AE17}.Debug|Any CPU.Build.0 = Debug|Any CPU
		{3B7B6317-1B85-4164-8E11-75574F80AE17}.Release|Any CPU.ActiveCfg = Release|Any CPU
		{3B7B6317-1B85-4164-8E11-75574F80AE17}.Release|Any CPU.Build.0 = Release|Any CPU
		{73513786-B6C6-4A21-89C5-0FBDD0A46107}.Debug|Any CPU.ActiveCfg = Debug|Any CPU
		{73513786-B6C6-4A21-89C5-0FBDD0A46107}.Debug|Any CPU.Build.0 = Debug|Any CPU
		{73513786-B6C6-4A21-89C5-0FBDD0A46107}.Release|Any CPU.ActiveCfg = Release|Any CPU
		{73513786-B6C6-4A21-89C5-0FBDD0A46107}.Release|Any CPU.Build.0 = Release|Any CPU
		{690203F4-3CD5-4569-88D9-EE831EEA5F5F}.Debug|Any CPU.ActiveCfg = Debug|Any CPU
		{690203F4-3CD5-4569-88D9-EE831EEA5F5F}.Debug|Any CPU.Build.0 = Debug|Any CPU
		{690203F4-3CD5-4569-88D9-EE831EEA5F5F}.Release|Any CPU.ActiveCfg = Release|Any CPU
		{690203F4-3CD5-4569-88D9-EE831EEA5F5F}.Release|Any CPU.Build.0 = Release|Any CPU
		{F6AC8D4A-EDD7-4514-8E8A-5BCB019864DB}.Debug|Any CPU.ActiveCfg = Debug|Any CPU
		{F6AC8D4A-EDD7-4514-8E8A-5BCB019864DB}.Debug|Any CPU.Build.0 = Debug|Any CPU
		{F6AC8D4A-EDD7-4514-8E8A-5BCB019864DB}.Release|Any CPU.ActiveCfg = Release|Any CPU
		{F6AC8D4A-EDD7-4514-8E8A-5BCB019864DB}.Release|Any CPU.Build.0 = Release|Any CPU
		{3D872C41-E226-45C8-89C1-9D3DBD7C73F2}.Debug|Any CPU.ActiveCfg = Debug|Any CPU
		{3D872C41-E226-45C8-89C1-9D3DBD7C73F2}.Debug|Any CPU.Build.0 = Debug|Any CPU
		{3D872C41-E226-45C8-89C1-9D3DBD7C73F2}.Release|Any CPU.ActiveCfg = Release|Any CPU
		{3D872C41-E226-45C8-89C1-9D3DBD7C73F2}.Release|Any CPU.Build.0 = Release|Any CPU
		{514C6DC2-5257-4942-BD1E-D5DD2CB813E1}.Debug|Any CPU.ActiveCfg = Debug|Any CPU
		{514C6DC2-5257-4942-BD1E-D5DD2CB813E1}.Debug|Any CPU.Build.0 = Debug|Any CPU
		{514C6DC2-5257-4942-BD1E-D5DD2CB813E1}.Release|Any CPU.ActiveCfg = Release|Any CPU
		{514C6DC2-5257-4942-BD1E-D5DD2CB813E1}.Release|Any CPU.Build.0 = Release|Any CPU
		{B9FF3774-4843-4577-9EEB-389B1DB556A0}.Debug|Any CPU.ActiveCfg = Debug|Any CPU
		{B9FF3774-4843-4577-9EEB-389B1DB556A0}.Debug|Any CPU.Build.0 = Debug|Any CPU
		{B9FF3774-4843-4577-9EEB-389B1DB556A0}.Release|Any CPU.ActiveCfg = Release|Any CPU
		{B9FF3774-4843-4577-9EEB-389B1DB556A0}.Release|Any CPU.Build.0 = Release|Any CPU
		{CA640BEC-BE5F-4090-93AA-796A87BA7506}.Debug|Any CPU.ActiveCfg = Debug|Any CPU
		{CA640BEC-BE5F-4090-93AA-796A87BA7506}.Debug|Any CPU.Build.0 = Debug|Any CPU
		{CA640BEC-BE5F-4090-93AA-796A87BA7506}.Release|Any CPU.ActiveCfg = Release|Any CPU
		{CA640BEC-BE5F-4090-93AA-796A87BA7506}.Release|Any CPU.Build.0 = Release|Any CPU
		{CF3FC5D9-A320-4AA5-84D4-9BB1046D40F5}.Debug|Any CPU.ActiveCfg = Debug|Any CPU
		{CF3FC5D9-A320-4AA5-84D4-9BB1046D40F5}.Debug|Any CPU.Build.0 = Debug|Any CPU
		{CF3FC5D9-A320-4AA5-84D4-9BB1046D40F5}.Release|Any CPU.ActiveCfg = Release|Any CPU
		{CF3FC5D9-A320-4AA5-84D4-9BB1046D40F5}.Release|Any CPU.Build.0 = Release|Any CPU
		{F1054D52-5663-4A90-8934-DAF4594DCB99}.Debug|Any CPU.ActiveCfg = Debug|Any CPU
		{F1054D52-5663-4A90-8934-DAF4594DCB99}.Debug|Any CPU.Build.0 = Debug|Any CPU
		{F1054D52-5663-4A90-8934-DAF4594DCB99}.Release|Any CPU.ActiveCfg = Release|Any CPU
		{F1054D52-5663-4A90-8934-DAF4594DCB99}.Release|Any CPU.Build.0 = Release|Any CPU
		{7BEEB3E8-7379-40C5-BF41-56F94265FDF8}.Debug|Any CPU.ActiveCfg = Debug|Any CPU
		{7BEEB3E8-7379-40C5-BF41-56F94265FDF8}.Debug|Any CPU.Build.0 = Debug|Any CPU
		{7BEEB3E8-7379-40C5-BF41-56F94265FDF8}.Release|Any CPU.ActiveCfg = Release|Any CPU
		{7BEEB3E8-7379-40C5-BF41-56F94265FDF8}.Release|Any CPU.Build.0 = Release|Any CPU
		{26505F9F-7EB6-44CB-A821-95AC7D1C5CF2}.Debug|Any CPU.ActiveCfg = Debug|Any CPU
		{26505F9F-7EB6-44CB-A821-95AC7D1C5CF2}.Debug|Any CPU.Build.0 = Debug|Any CPU
		{26505F9F-7EB6-44CB-A821-95AC7D1C5CF2}.Release|Any CPU.ActiveCfg = Release|Any CPU
		{26505F9F-7EB6-44CB-A821-95AC7D1C5CF2}.Release|Any CPU.Build.0 = Release|Any CPU
		{F21285DF-5675-42AC-BD95-74389D40D972}.Debug|Any CPU.ActiveCfg = Debug|Any CPU
		{F21285DF-5675-42AC-BD95-74389D40D972}.Debug|Any CPU.Build.0 = Debug|Any CPU
		{F21285DF-5675-42AC-BD95-74389D40D972}.Release|Any CPU.ActiveCfg = Release|Any CPU
		{F21285DF-5675-42AC-BD95-74389D40D972}.Release|Any CPU.Build.0 = Release|Any CPU
		{2275AA3B-ED0E-4229-97C9-352D2C73F4E9}.Debug|Any CPU.ActiveCfg = Debug|Any CPU
		{2275AA3B-ED0E-4229-97C9-352D2C73F4E9}.Debug|Any CPU.Build.0 = Debug|Any CPU
		{2275AA3B-ED0E-4229-97C9-352D2C73F4E9}.Release|Any CPU.ActiveCfg = Release|Any CPU
		{2275AA3B-ED0E-4229-97C9-352D2C73F4E9}.Release|Any CPU.Build.0 = Release|Any CPU
		{B8B694C9-29CA-4F22-ADE0-C576AF5517FA}.Debug|Any CPU.ActiveCfg = Debug|Any CPU
		{B8B694C9-29CA-4F22-ADE0-C576AF5517FA}.Debug|Any CPU.Build.0 = Debug|Any CPU
		{B8B694C9-29CA-4F22-ADE0-C576AF5517FA}.Release|Any CPU.ActiveCfg = Release|Any CPU
		{B8B694C9-29CA-4F22-ADE0-C576AF5517FA}.Release|Any CPU.Build.0 = Release|Any CPU
		{9EA4D0A8-51FC-4106-98AF-A2AE84D88520}.Debug|Any CPU.ActiveCfg = Debug|Any CPU
		{9EA4D0A8-51FC-4106-98AF-A2AE84D88520}.Debug|Any CPU.Build.0 = Debug|Any CPU
		{9EA4D0A8-51FC-4106-98AF-A2AE84D88520}.Release|Any CPU.ActiveCfg = Release|Any CPU
		{9EA4D0A8-51FC-4106-98AF-A2AE84D88520}.Release|Any CPU.Build.0 = Release|Any CPU
		{8B32E3E2-16DB-4EE3-B010-C1EF8EE069BA}.Debug|Any CPU.ActiveCfg = Debug|Any CPU
		{8B32E3E2-16DB-4EE3-B010-C1EF8EE069BA}.Debug|Any CPU.Build.0 = Debug|Any CPU
		{8B32E3E2-16DB-4EE3-B010-C1EF8EE069BA}.Release|Any CPU.ActiveCfg = Release|Any CPU
		{8B32E3E2-16DB-4EE3-B010-C1EF8EE069BA}.Release|Any CPU.Build.0 = Release|Any CPU
		{0DE35190-7A13-4D12-A15D-D781803E6BF0}.Debug|Any CPU.ActiveCfg = Debug|Any CPU
		{0DE35190-7A13-4D12-A15D-D781803E6BF0}.Debug|Any CPU.Build.0 = Debug|Any CPU
		{0DE35190-7A13-4D12-A15D-D781803E6BF0}.Release|Any CPU.ActiveCfg = Release|Any CPU
		{0DE35190-7A13-4D12-A15D-D781803E6BF0}.Release|Any CPU.Build.0 = Release|Any CPU
		{2537AB0A-7EB7-47A7-9A9B-3A24D6015E7A}.Debug|Any CPU.ActiveCfg = Debug|Any CPU
		{2537AB0A-7EB7-47A7-9A9B-3A24D6015E7A}.Debug|Any CPU.Build.0 = Debug|Any CPU
		{2537AB0A-7EB7-47A7-9A9B-3A24D6015E7A}.Release|Any CPU.ActiveCfg = Release|Any CPU
		{2537AB0A-7EB7-47A7-9A9B-3A24D6015E7A}.Release|Any CPU.Build.0 = Release|Any CPU
		{1044D791-D5BC-4D75-BC50-0102DB877A4D}.Debug|Any CPU.ActiveCfg = Debug|Any CPU
		{1044D791-D5BC-4D75-BC50-0102DB877A4D}.Debug|Any CPU.Build.0 = Debug|Any CPU
		{1044D791-D5BC-4D75-BC50-0102DB877A4D}.Release|Any CPU.ActiveCfg = Release|Any CPU
		{1044D791-D5BC-4D75-BC50-0102DB877A4D}.Release|Any CPU.Build.0 = Release|Any CPU
		{A6DCE454-35AD-4FD5-85B8-B2262FFC2B57}.Debug|Any CPU.ActiveCfg = Debug|Any CPU
		{A6DCE454-35AD-4FD5-85B8-B2262FFC2B57}.Debug|Any CPU.Build.0 = Debug|Any CPU
		{A6DCE454-35AD-4FD5-85B8-B2262FFC2B57}.Release|Any CPU.ActiveCfg = Release|Any CPU
		{A6DCE454-35AD-4FD5-85B8-B2262FFC2B57}.Release|Any CPU.Build.0 = Release|Any CPU
		{BB6DE4B6-6936-4B16-956E-96D1AEBC433D}.Debug|Any CPU.ActiveCfg = Debug|Any CPU
		{BB6DE4B6-6936-4B16-956E-96D1AEBC433D}.Debug|Any CPU.Build.0 = Debug|Any CPU
		{BB6DE4B6-6936-4B16-956E-96D1AEBC433D}.Release|Any CPU.ActiveCfg = Release|Any CPU
		{BB6DE4B6-6936-4B16-956E-96D1AEBC433D}.Release|Any CPU.Build.0 = Release|Any CPU
		{79FB4974-73E1-4CBF-94C8-EE630147EB44}.Debug|Any CPU.ActiveCfg = Debug|Any CPU
		{79FB4974-73E1-4CBF-94C8-EE630147EB44}.Debug|Any CPU.Build.0 = Debug|Any CPU
		{79FB4974-73E1-4CBF-94C8-EE630147EB44}.Release|Any CPU.ActiveCfg = Release|Any CPU
		{79FB4974-73E1-4CBF-94C8-EE630147EB44}.Release|Any CPU.Build.0 = Release|Any CPU
		{09DB21D8-CBBB-4D65-91F9-20F7C3D6032E}.Debug|Any CPU.ActiveCfg = Debug|Any CPU
		{09DB21D8-CBBB-4D65-91F9-20F7C3D6032E}.Debug|Any CPU.Build.0 = Debug|Any CPU
		{09DB21D8-CBBB-4D65-91F9-20F7C3D6032E}.Release|Any CPU.ActiveCfg = Release|Any CPU
		{09DB21D8-CBBB-4D65-91F9-20F7C3D6032E}.Release|Any CPU.Build.0 = Release|Any CPU
		{55E6BEB2-97B5-4D6E-87A9-8349896CFA73}.Debug|Any CPU.ActiveCfg = Debug|Any CPU
		{55E6BEB2-97B5-4D6E-87A9-8349896CFA73}.Debug|Any CPU.Build.0 = Debug|Any CPU
		{55E6BEB2-97B5-4D6E-87A9-8349896CFA73}.Release|Any CPU.ActiveCfg = Release|Any CPU
		{55E6BEB2-97B5-4D6E-87A9-8349896CFA73}.Release|Any CPU.Build.0 = Release|Any CPU
		{E5B4BC87-E9C8-483A-B0E8-95C52BDB7636}.Debug|Any CPU.ActiveCfg = Debug|Any CPU
		{E5B4BC87-E9C8-483A-B0E8-95C52BDB7636}.Debug|Any CPU.Build.0 = Debug|Any CPU
		{E5B4BC87-E9C8-483A-B0E8-95C52BDB7636}.Release|Any CPU.ActiveCfg = Release|Any CPU
		{E5B4BC87-E9C8-483A-B0E8-95C52BDB7636}.Release|Any CPU.Build.0 = Release|Any CPU
		{3F9DDFC7-167F-4806-965E-EC549E709A3B}.Debug|Any CPU.ActiveCfg = Debug|Any CPU
		{3F9DDFC7-167F-4806-965E-EC549E709A3B}.Debug|Any CPU.Build.0 = Debug|Any CPU
		{3F9DDFC7-167F-4806-965E-EC549E709A3B}.Release|Any CPU.ActiveCfg = Release|Any CPU
		{3F9DDFC7-167F-4806-965E-EC549E709A3B}.Release|Any CPU.Build.0 = Release|Any CPU
		{A1C5EA7B-4712-4697-90A2-362DB75F5CC5}.Debug|Any CPU.ActiveCfg = Debug|Any CPU
		{A1C5EA7B-4712-4697-90A2-362DB75F5CC5}.Debug|Any CPU.Build.0 = Debug|Any CPU
		{A1C5EA7B-4712-4697-90A2-362DB75F5CC5}.Release|Any CPU.ActiveCfg = Release|Any CPU
		{A1C5EA7B-4712-4697-90A2-362DB75F5CC5}.Release|Any CPU.Build.0 = Release|Any CPU
		{774910DC-DCC2-48D4-96E0-FADE4401DB76}.Debug|Any CPU.ActiveCfg = Debug|Any CPU
		{774910DC-DCC2-48D4-96E0-FADE4401DB76}.Debug|Any CPU.Build.0 = Debug|Any CPU
		{774910DC-DCC2-48D4-96E0-FADE4401DB76}.Release|Any CPU.ActiveCfg = Release|Any CPU
		{774910DC-DCC2-48D4-96E0-FADE4401DB76}.Release|Any CPU.Build.0 = Release|Any CPU
		{7174114B-6236-4106-9950-4937F833D3C9}.Debug|Any CPU.ActiveCfg = Debug|Any CPU
		{7174114B-6236-4106-9950-4937F833D3C9}.Debug|Any CPU.Build.0 = Debug|Any CPU
		{7174114B-6236-4106-9950-4937F833D3C9}.Release|Any CPU.ActiveCfg = Release|Any CPU
		{7174114B-6236-4106-9950-4937F833D3C9}.Release|Any CPU.Build.0 = Release|Any CPU
		{0E7319F5-EAC8-42DD-81F0-48749984FCE5}.Debug|Any CPU.ActiveCfg = Debug|Any CPU
		{0E7319F5-EAC8-42DD-81F0-48749984FCE5}.Debug|Any CPU.Build.0 = Debug|Any CPU
		{0E7319F5-EAC8-42DD-81F0-48749984FCE5}.Release|Any CPU.ActiveCfg = Release|Any CPU
		{0E7319F5-EAC8-42DD-81F0-48749984FCE5}.Release|Any CPU.Build.0 = Release|Any CPU
		{0D9117B9-4E20-4275-8C47-07D5587EBC9F}.Debug|Any CPU.ActiveCfg = Debug|Any CPU
		{0D9117B9-4E20-4275-8C47-07D5587EBC9F}.Debug|Any CPU.Build.0 = Debug|Any CPU
		{0D9117B9-4E20-4275-8C47-07D5587EBC9F}.Release|Any CPU.ActiveCfg = Release|Any CPU
		{0D9117B9-4E20-4275-8C47-07D5587EBC9F}.Release|Any CPU.Build.0 = Release|Any CPU
		{E6526E3E-55DA-4FA4-9DB4-B5F3D8B83EA2}.Debug|Any CPU.ActiveCfg = Debug|Any CPU
		{E6526E3E-55DA-4FA4-9DB4-B5F3D8B83EA2}.Debug|Any CPU.Build.0 = Debug|Any CPU
		{E6526E3E-55DA-4FA4-9DB4-B5F3D8B83EA2}.Release|Any CPU.ActiveCfg = Release|Any CPU
		{E6526E3E-55DA-4FA4-9DB4-B5F3D8B83EA2}.Release|Any CPU.Build.0 = Release|Any CPU
		{B2FC4C92-D84C-4147-BFB8-98D853640701}.Debug|Any CPU.ActiveCfg = Debug|Any CPU
		{B2FC4C92-D84C-4147-BFB8-98D853640701}.Debug|Any CPU.Build.0 = Debug|Any CPU
		{B2FC4C92-D84C-4147-BFB8-98D853640701}.Release|Any CPU.ActiveCfg = Release|Any CPU
		{B2FC4C92-D84C-4147-BFB8-98D853640701}.Release|Any CPU.Build.0 = Release|Any CPU
		{02ADA5A3-F8FE-44A5-9092-AEAFE0A779DF}.Debug|Any CPU.ActiveCfg = Debug|Any CPU
		{02ADA5A3-F8FE-44A5-9092-AEAFE0A779DF}.Debug|Any CPU.Build.0 = Debug|Any CPU
		{02ADA5A3-F8FE-44A5-9092-AEAFE0A779DF}.Release|Any CPU.ActiveCfg = Release|Any CPU
		{02ADA5A3-F8FE-44A5-9092-AEAFE0A779DF}.Release|Any CPU.Build.0 = Release|Any CPU
		{500D9B18-5A0F-4062-817B-753832537018}.Debug|Any CPU.ActiveCfg = Debug|Any CPU
		{500D9B18-5A0F-4062-817B-753832537018}.Debug|Any CPU.Build.0 = Debug|Any CPU
		{500D9B18-5A0F-4062-817B-753832537018}.Release|Any CPU.ActiveCfg = Release|Any CPU
		{500D9B18-5A0F-4062-817B-753832537018}.Release|Any CPU.Build.0 = Release|Any CPU
		{79C1B2C2-2B3E-47EB-AEEE-790592BA7236}.Debug|Any CPU.ActiveCfg = Debug|Any CPU
		{79C1B2C2-2B3E-47EB-AEEE-790592BA7236}.Debug|Any CPU.Build.0 = Debug|Any CPU
		{79C1B2C2-2B3E-47EB-AEEE-790592BA7236}.Release|Any CPU.ActiveCfg = Release|Any CPU
		{79C1B2C2-2B3E-47EB-AEEE-790592BA7236}.Release|Any CPU.Build.0 = Release|Any CPU
		{1BCF0B74-1F49-487B-86C1-DEB2875B5419}.Debug|Any CPU.ActiveCfg = Debug|Any CPU
		{1BCF0B74-1F49-487B-86C1-DEB2875B5419}.Debug|Any CPU.Build.0 = Debug|Any CPU
		{1BCF0B74-1F49-487B-86C1-DEB2875B5419}.Release|Any CPU.ActiveCfg = Release|Any CPU
		{1BCF0B74-1F49-487B-86C1-DEB2875B5419}.Release|Any CPU.Build.0 = Release|Any CPU
		{7D01B3E5-99CA-451C-9D8E-9C5E4BF69846}.Debug|Any CPU.ActiveCfg = Debug|Any CPU
		{7D01B3E5-99CA-451C-9D8E-9C5E4BF69846}.Debug|Any CPU.Build.0 = Debug|Any CPU
		{7D01B3E5-99CA-451C-9D8E-9C5E4BF69846}.Release|Any CPU.ActiveCfg = Release|Any CPU
		{7D01B3E5-99CA-451C-9D8E-9C5E4BF69846}.Release|Any CPU.Build.0 = Release|Any CPU
		{9AC5C3B0-5C05-4402-BCD3-6B67960DF141}.Debug|Any CPU.ActiveCfg = Debug|Any CPU
		{9AC5C3B0-5C05-4402-BCD3-6B67960DF141}.Debug|Any CPU.Build.0 = Debug|Any CPU
		{9AC5C3B0-5C05-4402-BCD3-6B67960DF141}.Release|Any CPU.ActiveCfg = Release|Any CPU
		{9AC5C3B0-5C05-4402-BCD3-6B67960DF141}.Release|Any CPU.Build.0 = Release|Any CPU
		{1924DAE3-1422-4C15-8738-1F1786773F76}.Debug|Any CPU.ActiveCfg = Debug|Any CPU
		{1924DAE3-1422-4C15-8738-1F1786773F76}.Debug|Any CPU.Build.0 = Debug|Any CPU
		{1924DAE3-1422-4C15-8738-1F1786773F76}.Release|Any CPU.ActiveCfg = Release|Any CPU
		{1924DAE3-1422-4C15-8738-1F1786773F76}.Release|Any CPU.Build.0 = Release|Any CPU
		{5E34DF4C-6178-48DA-8EA8-B238612653C6}.Debug|Any CPU.ActiveCfg = Debug|Any CPU
		{5E34DF4C-6178-48DA-8EA8-B238612653C6}.Debug|Any CPU.Build.0 = Debug|Any CPU
		{5E34DF4C-6178-48DA-8EA8-B238612653C6}.Release|Any CPU.ActiveCfg = Release|Any CPU
		{5E34DF4C-6178-48DA-8EA8-B238612653C6}.Release|Any CPU.Build.0 = Release|Any CPU
		{48D134EC-E962-4A6A-A785-9DB2D59753E5}.Debug|Any CPU.ActiveCfg = Debug|Any CPU
		{48D134EC-E962-4A6A-A785-9DB2D59753E5}.Debug|Any CPU.Build.0 = Debug|Any CPU
		{48D134EC-E962-4A6A-A785-9DB2D59753E5}.Release|Any CPU.ActiveCfg = Release|Any CPU
		{48D134EC-E962-4A6A-A785-9DB2D59753E5}.Release|Any CPU.Build.0 = Release|Any CPU
	EndGlobalSection
	GlobalSection(SolutionProperties) = preSolution
		HideSolutionNode = FALSE
	EndGlobalSection
	GlobalSection(NestedProjects) = preSolution
		{D64C1577-4929-4B60-939E-96DE1534891A} = {649A3FFA-182F-4E56-9717-E6A9A2BEC545}
		{F2840BC7-0188-4606-9126-DADD0F5ABF7A} = {649A3FFA-182F-4E56-9717-E6A9A2BEC545}
		{BD65D04F-08D5-40C1-8C24-77CA0BACB877} = {649A3FFA-182F-4E56-9717-E6A9A2BEC545}
		{78040F9E-3501-4A40-82DF-00A597710F35} = {649A3FFA-182F-4E56-9717-E6A9A2BEC545}
		{0CE86223-D31D-4315-A1F5-87BA3EE1B844} = {649A3FFA-182F-4E56-9717-E6A9A2BEC545}
		{F1C58097-4C08-4D88-8976-6B3389391481} = {649A3FFA-182F-4E56-9717-E6A9A2BEC545}
		{077AA5F8-8B61-420C-A6B5-0150A66FDB34} = {649A3FFA-182F-4E56-9717-E6A9A2BEC545}
		{36E2735F-CEAB-44C8-A6D1-2CDAFF399751} = {649A3FFA-182F-4E56-9717-E6A9A2BEC545}
		{C5BB573D-3030-4BCB-88B7-F6A85C32766C} = {CCD2960C-23CC-4AB4-B84D-60C7AAA52F4D}
		{527F645C-C1FC-406E-8479-81386C8ECF13} = {CCD2960C-23CC-4AB4-B84D-60C7AAA52F4D}
		{E60895E5-79C4-447D-88B7-85CB5BA336A4} = {CCD2960C-23CC-4AB4-B84D-60C7AAA52F4D}
		{90CB5DC4-C040-45C7-8900-9688B26405BC} = {CCD2960C-23CC-4AB4-B84D-60C7AAA52F4D}
		{37B135B0-DAFE-4616-B25C-1BDF32FC44A2} = {E400416D-2895-4512-9D17-90681EEC7E0A}
		{3B7B6317-1B85-4164-8E11-75574F80AE17} = {649A3FFA-182F-4E56-9717-E6A9A2BEC545}
		{73513786-B6C6-4A21-89C5-0FBDD0A46107} = {E400416D-2895-4512-9D17-90681EEC7E0A}
		{690203F4-3CD5-4569-88D9-EE831EEA5F5F} = {E400416D-2895-4512-9D17-90681EEC7E0A}
		{F6AC8D4A-EDD7-4514-8E8A-5BCB019864DB} = {E400416D-2895-4512-9D17-90681EEC7E0A}
		{3D872C41-E226-45C8-89C1-9D3DBD7C73F2} = {E400416D-2895-4512-9D17-90681EEC7E0A}
		{BA7DFDE8-4840-44A8-B185-769E10F0D324} = {2EC988E9-2C38-428D-AF40-3BF6BF78B80C}
		{514C6DC2-5257-4942-BD1E-D5DD2CB813E1} = {BA7DFDE8-4840-44A8-B185-769E10F0D324}
		{B9FF3774-4843-4577-9EEB-389B1DB556A0} = {BA7DFDE8-4840-44A8-B185-769E10F0D324}
		{CA640BEC-BE5F-4090-93AA-796A87BA7506} = {BA7DFDE8-4840-44A8-B185-769E10F0D324}
		{CF3FC5D9-A320-4AA5-84D4-9BB1046D40F5} = {BA7DFDE8-4840-44A8-B185-769E10F0D324}
		{F1054D52-5663-4A90-8934-DAF4594DCB99} = {BA7DFDE8-4840-44A8-B185-769E10F0D324}
		{7BEEB3E8-7379-40C5-BF41-56F94265FDF8} = {BA7DFDE8-4840-44A8-B185-769E10F0D324}
		{26505F9F-7EB6-44CB-A821-95AC7D1C5CF2} = {BA7DFDE8-4840-44A8-B185-769E10F0D324}
		{F21285DF-5675-42AC-BD95-74389D40D972} = {CCD2960C-23CC-4AB4-B84D-60C7AAA52F4D}
		{2275AA3B-ED0E-4229-97C9-352D2C73F4E9} = {BA7DFDE8-4840-44A8-B185-769E10F0D324}
		{0926C05D-A2B8-4FF9-820B-0668769092E5} = {4C64A199-E423-4EF6-BF4F-084E551310A7}
		{C709F5FA-43E9-4B99-BE2A-53B6A686263E} = {4C64A199-E423-4EF6-BF4F-084E551310A7}
		{7DCDC3BE-B86A-4BD4-B74E-C0424FF3ADC6} = {4C64A199-E423-4EF6-BF4F-084E551310A7}
		{B8B694C9-29CA-4F22-ADE0-C576AF5517FA} = {0926C05D-A2B8-4FF9-820B-0668769092E5}
		{9EA4D0A8-51FC-4106-98AF-A2AE84D88520} = {0926C05D-A2B8-4FF9-820B-0668769092E5}
		{8B32E3E2-16DB-4EE3-B010-C1EF8EE069BA} = {0926C05D-A2B8-4FF9-820B-0668769092E5}
		{0DE35190-7A13-4D12-A15D-D781803E6BF0} = {0926C05D-A2B8-4FF9-820B-0668769092E5}
		{2537AB0A-7EB7-47A7-9A9B-3A24D6015E7A} = {0926C05D-A2B8-4FF9-820B-0668769092E5}
		{1044D791-D5BC-4D75-BC50-0102DB877A4D} = {0926C05D-A2B8-4FF9-820B-0668769092E5}
		{A6DCE454-35AD-4FD5-85B8-B2262FFC2B57} = {0926C05D-A2B8-4FF9-820B-0668769092E5}
		{BB6DE4B6-6936-4B16-956E-96D1AEBC433D} = {0926C05D-A2B8-4FF9-820B-0668769092E5}
		{79FB4974-73E1-4CBF-94C8-EE630147EB44} = {4C902ED5-1894-4635-8478-59C5E12E21C9}
		{09DB21D8-CBBB-4D65-91F9-20F7C3D6032E} = {4C902ED5-1894-4635-8478-59C5E12E21C9}
		{55E6BEB2-97B5-4D6E-87A9-8349896CFA73} = {4C902ED5-1894-4635-8478-59C5E12E21C9}
		{E5B4BC87-E9C8-483A-B0E8-95C52BDB7636} = {4C902ED5-1894-4635-8478-59C5E12E21C9}
		{3F9DDFC7-167F-4806-965E-EC549E709A3B} = {4C902ED5-1894-4635-8478-59C5E12E21C9}
		{A1C5EA7B-4712-4697-90A2-362DB75F5CC5} = {4C902ED5-1894-4635-8478-59C5E12E21C9}
		{4C902ED5-1894-4635-8478-59C5E12E21C9} = {4C64A199-E423-4EF6-BF4F-084E551310A7}
		{774910DC-DCC2-48D4-96E0-FADE4401DB76} = {C709F5FA-43E9-4B99-BE2A-53B6A686263E}
		{7174114B-6236-4106-9950-4937F833D3C9} = {C709F5FA-43E9-4B99-BE2A-53B6A686263E}
		{0E7319F5-EAC8-42DD-81F0-48749984FCE5} = {C709F5FA-43E9-4B99-BE2A-53B6A686263E}
		{0D9117B9-4E20-4275-8C47-07D5587EBC9F} = {C709F5FA-43E9-4B99-BE2A-53B6A686263E}
		{E6526E3E-55DA-4FA4-9DB4-B5F3D8B83EA2} = {C709F5FA-43E9-4B99-BE2A-53B6A686263E}
		{B2FC4C92-D84C-4147-BFB8-98D853640701} = {C709F5FA-43E9-4B99-BE2A-53B6A686263E}
		{02ADA5A3-F8FE-44A5-9092-AEAFE0A779DF} = {C709F5FA-43E9-4B99-BE2A-53B6A686263E}
		{500D9B18-5A0F-4062-817B-753832537018} = {C709F5FA-43E9-4B99-BE2A-53B6A686263E}
		{79C1B2C2-2B3E-47EB-AEEE-790592BA7236} = {7DCDC3BE-B86A-4BD4-B74E-C0424FF3ADC6}
		{1BCF0B74-1F49-487B-86C1-DEB2875B5419} = {7DCDC3BE-B86A-4BD4-B74E-C0424FF3ADC6}
		{7D01B3E5-99CA-451C-9D8E-9C5E4BF69846} = {7DCDC3BE-B86A-4BD4-B74E-C0424FF3ADC6}
		{9AC5C3B0-5C05-4402-BCD3-6B67960DF141} = {7DCDC3BE-B86A-4BD4-B74E-C0424FF3ADC6}
		{1924DAE3-1422-4C15-8738-1F1786773F76} = {7DCDC3BE-B86A-4BD4-B74E-C0424FF3ADC6}
		{5E34DF4C-6178-48DA-8EA8-B238612653C6} = {7DCDC3BE-B86A-4BD4-B74E-C0424FF3ADC6}
		{48D134EC-E962-4A6A-A785-9DB2D59753E5} = {7DCDC3BE-B86A-4BD4-B74E-C0424FF3ADC6}
	EndGlobalSection
	GlobalSection(ExtensibilityGlobals) = postSolution
		SolutionGuid = {4324B3B4-B60B-4E3C-91D8-59576B4E26DD}
	EndGlobalSection
EndGlobal
